// !$*UTF8*$!
{
	archiveVersion = 1;
	classes = {
	};
	objectVersion = 46;
	objects = {

/* Begin PBXBuildFile section */
		1FB609011B1261E60030F74C /* AppDelegate.swift in Sources */ = {isa = PBXBuildFile; fileRef = 1FB609001B1261E60030F74C /* AppDelegate.swift */; };
		1FB609031B1261E60030F74C /* ViewController.swift in Sources */ = {isa = PBXBuildFile; fileRef = 1FB609021B1261E60030F74C /* ViewController.swift */; };
		1FB609061B1261E60030F74C /* Main.storyboard in Resources */ = {isa = PBXBuildFile; fileRef = 1FB609041B1261E60030F74C /* Main.storyboard */; };
		1FB609081B1261E60030F74C /* Images.xcassets in Resources */ = {isa = PBXBuildFile; fileRef = 1FB609071B1261E60030F74C /* Images.xcassets */; };
		1FB6090B1B1261E60030F74C /* LaunchScreen.xib in Resources */ = {isa = PBXBuildFile; fileRef = 1FB609091B1261E60030F74C /* LaunchScreen.xib */; };
		1FB609171B1261E60030F74C /* Pop_Over_TestTests.swift in Sources */ = {isa = PBXBuildFile; fileRef = 1FB609161B1261E60030F74C /* Pop_Over_TestTests.swift */; };
/* End PBXBuildFile section */

/* Begin PBXContainerItemProxy section */
		1FB609111B1261E60030F74C /* PBXContainerItemProxy */ = {
			isa = PBXContainerItemProxy;
			containerPortal = 1FB608F31B1261E60030F74C /* Project object */;
			proxyType = 1;
			remoteGlobalIDString = 1FB608FA1B1261E60030F74C;
			remoteInfo = "Pop Over Test";
		};
/* End PBXContainerItemProxy section */

/* Begin PBXFileReference section */
		1FB608FB1B1261E60030F74C /* Pop Over Test.app */ = {isa = PBXFileReference; explicitFileType = wrapper.application; includeInIndex = 0; path = "Pop Over Test.app"; sourceTree = BUILT_PRODUCTS_DIR; };
		1FB608FF1B1261E60030F74C /* Info.plist */ = {isa = PBXFileReference; lastKnownFileType = text.plist.xml; path = Info.plist; sourceTree = "<group>"; };
		1FB609001B1261E60030F74C /* AppDelegate.swift */ = {isa = PBXFileReference; lastKnownFileType = sourcecode.swift; path = AppDelegate.swift; sourceTree = "<group>"; };
		1FB609021B1261E60030F74C /* ViewController.swift */ = {isa = PBXFileReference; lastKnownFileType = sourcecode.swift; path = ViewController.swift; sourceTree = "<group>"; };
		1FB609051B1261E60030F74C /* Base */ = {isa = PBXFileReference; lastKnownFileType = file.storyboard; name = Base; path = Base.lproj/Main.storyboard; sourceTree = "<group>"; };
		1FB609071B1261E60030F74C /* Images.xcassets */ = {isa = PBXFileReference; lastKnownFileType = folder.assetcatalog; path = Images.xcassets; sourceTree = "<group>"; };
		1FB6090A1B1261E60030F74C /* Base */ = {isa = PBXFileReference; lastKnownFileType = file.xib; name = Base; path = Base.lproj/LaunchScreen.xib; sourceTree = "<group>"; };
		1FB609101B1261E60030F74C /* Pop Over TestTests.xctest */ = {isa = PBXFileReference; explicitFileType = wrapper.cfbundle; includeInIndex = 0; path = "Pop Over TestTests.xctest"; sourceTree = BUILT_PRODUCTS_DIR; };
		1FB609151B1261E60030F74C /* Info.plist */ = {isa = PBXFileReference; lastKnownFileType = text.plist.xml; path = Info.plist; sourceTree = "<group>"; };
		1FB609161B1261E60030F74C /* Pop_Over_TestTests.swift */ = {isa = PBXFileReference; lastKnownFileType = sourcecode.swift; path = Pop_Over_TestTests.swift; sourceTree = "<group>"; };
/* End PBXFileReference section */

/* Begin PBXFrameworksBuildPhase section */
		1FB608F81B1261E60030F74C /* Frameworks */ = {
			isa = PBXFrameworksBuildPhase;
			buildActionMask = 2147483647;
			files = (
			);
			runOnlyForDeploymentPostprocessing = 0;
		};
		1FB6090D1B1261E60030F74C /* Frameworks */ = {
			isa = PBXFrameworksBuildPhase;
			buildActionMask = 2147483647;
			files = (
			);
			runOnlyForDeploymentPostprocessing = 0;
		};
/* End PBXFrameworksBuildPhase section */

/* Begin PBXGroup section */
		1FB608F21B1261E60030F74C = {
			isa = PBXGroup;
			children = (
				1FB608FD1B1261E60030F74C /* Pop Over Test */,
				1FB609131B1261E60030F74C /* Pop Over TestTests */,
				1FB608FC1B1261E60030F74C /* Products */,
			);
			sourceTree = "<group>";
		};
		1FB608FC1B1261E60030F74C /* Products */ = {
			isa = PBXGroup;
			children = (
				1FB608FB1B1261E60030F74C /* Pop Over Test.app */,
				1FB609101B1261E60030F74C /* Pop Over TestTests.xctest */,
			);
			name = Products;
			sourceTree = "<group>";
		};
		1FB608FD1B1261E60030F74C /* Pop Over Test */ = {
			isa = PBXGroup;
			children = (
				1FB609001B1261E60030F74C /* AppDelegate.swift */,
				1FB609021B1261E60030F74C /* ViewController.swift */,
				1FB609041B1261E60030F74C /* Main.storyboard */,
				1FB609071B1261E60030F74C /* Images.xcassets */,
				1FB609091B1261E60030F74C /* LaunchScreen.xib */,
				1FB608FE1B1261E60030F74C /* Supporting Files */,
			);
			path = "Pop Over Test";
			sourceTree = "<group>";
		};
		1FB608FE1B1261E60030F74C /* Supporting Files */ = {
			isa = PBXGroup;
			children = (
				1FB608FF1B1261E60030F74C /* Info.plist */,
			);
			name = "Supporting Files";
			sourceTree = "<group>";
		};
		1FB609131B1261E60030F74C /* Pop Over TestTests */ = {
			isa = PBXGroup;
			children = (
				1FB609161B1261E60030F74C /* Pop_Over_TestTests.swift */,
				1FB609141B1261E60030F74C /* Supporting Files */,
			);
			path = "Pop Over TestTests";
			sourceTree = "<group>";
		};
		1FB609141B1261E60030F74C /* Supporting Files */ = {
			isa = PBXGroup;
			children = (
				1FB609151B1261E60030F74C /* Info.plist */,
			);
			name = "Supporting Files";
			sourceTree = "<group>";
		};
/* End PBXGroup section */

/* Begin PBXNativeTarget section */
		1FB608FA1B1261E60030F74C /* Pop Over Test */ = {
			isa = PBXNativeTarget;
			buildConfigurationList = 1FB6091A1B1261E60030F74C /* Build configuration list for PBXNativeTarget "Pop Over Test" */;
			buildPhases = (
				1FB608F71B1261E60030F74C /* Sources */,
				1FB608F81B1261E60030F74C /* Frameworks */,
				1FB608F91B1261E60030F74C /* Resources */,
			);
			buildRules = (
			);
			dependencies = (
			);
			name = "Pop Over Test";
			productName = "Pop Over Test";
			productReference = 1FB608FB1B1261E60030F74C /* Pop Over Test.app */;
			productType = "com.apple.product-type.application";
		};
		1FB6090F1B1261E60030F74C /* Pop Over TestTests */ = {
			isa = PBXNativeTarget;
			buildConfigurationList = 1FB6091D1B1261E60030F74C /* Build configuration list for PBXNativeTarget "Pop Over TestTests" */;
			buildPhases = (
				1FB6090C1B1261E60030F74C /* Sources */,
				1FB6090D1B1261E60030F74C /* Frameworks */,
				1FB6090E1B1261E60030F74C /* Resources */,
			);
			buildRules = (
			);
			dependencies = (
				1FB609121B1261E60030F74C /* PBXTargetDependency */,
			);
			name = "Pop Over TestTests";
			productName = "Pop Over TestTests";
			productReference = 1FB609101B1261E60030F74C /* Pop Over TestTests.xctest */;
			productType = "com.apple.product-type.bundle.unit-test";
		};
/* End PBXNativeTarget section */

/* Begin PBXProject section */
		1FB608F31B1261E60030F74C /* Project object */ = {
			isa = PBXProject;
			attributes = {
				LastUpgradeCheck = 0620;
				ORGANIZATIONNAME = GroupNonymous;
				TargetAttributes = {
					1FB608FA1B1261E60030F74C = {
						CreatedOnToolsVersion = 6.2;
					};
					1FB6090F1B1261E60030F74C = {
						CreatedOnToolsVersion = 6.2;
						TestTargetID = 1FB608FA1B1261E60030F74C;
					};
				};
			};
			buildConfigurationList = 1FB608F61B1261E60030F74C /* Build configuration list for PBXProject "Pop Over Test" */;
			compatibilityVersion = "Xcode 3.2";
			developmentRegion = English;
			hasScannedForEncodings = 0;
			knownRegions = (
				en,
				Base,
			);
			mainGroup = 1FB608F21B1261E60030F74C;
			productRefGroup = 1FB608FC1B1261E60030F74C /* Products */;
			projectDirPath = "";
			projectRoot = "";
			targets = (
				1FB608FA1B1261E60030F74C /* Pop Over Test */,
				1FB6090F1B1261E60030F74C /* Pop Over TestTests */,
			);
		};
/* End PBXProject section */

/* Begin PBXResourcesBuildPhase section */
		1FB608F91B1261E60030F74C /* Resources */ = {
			isa = PBXResourcesBuildPhase;
			buildActionMask = 2147483647;
			files = (
				1FB609061B1261E60030F74C /* Main.storyboard in Resources */,
				1FB6090B1B1261E60030F74C /* LaunchScreen.xib in Resources */,
				1FB609081B1261E60030F74C /* Images.xcassets in Resources */,
			);
			runOnlyForDeploymentPostprocessing = 0;
		};
		1FB6090E1B1261E60030F74C /* Resources */ = {
			isa = PBXResourcesBuildPhase;
			buildActionMask = 2147483647;
			files = (
			);
			runOnlyForDeploymentPostprocessing = 0;
		};
/* End PBXResourcesBuildPhase section */

/* Begin PBXSourcesBuildPhase section */
		1FB608F71B1261E60030F74C /* Sources */ = {
			isa = PBXSourcesBuildPhase;
			buildActionMask = 2147483647;
			files = (
				1FB609031B1261E60030F74C /* ViewController.swift in Sources */,
				1FB609011B1261E60030F74C /* AppDelegate.swift in Sources */,
			);
			runOnlyForDeploymentPostprocessing = 0;
		};
		1FB6090C1B1261E60030F74C /* Sources */ = {
			isa = PBXSourcesBuildPhase;
			buildActionMask = 2147483647;
			files = (
				1FB609171B1261E60030F74C /* Pop_Over_TestTests.swift in Sources */,
			);
			runOnlyForDeploymentPostprocessing = 0;
		};
/* End PBXSourcesBuildPhase section */

/* Begin PBXTargetDependency section */
		1FB609121B1261E60030F74C /* PBXTargetDependency */ = {
			isa = PBXTargetDependency;
			target = 1FB608FA1B1261E60030F74C /* Pop Over Test */;
			targetProxy = 1FB609111B1261E60030F74C /* PBXContainerItemProxy */;
		};
/* End PBXTargetDependency section */

/* Begin PBXVariantGroup section */
		1FB609041B1261E60030F74C /* Main.storyboard */ = {
			isa = PBXVariantGroup;
			children = (
				1FB609051B1261E60030F74C /* Base */,
			);
			name = Main.storyboard;
			sourceTree = "<group>";
		};
		1FB609091B1261E60030F74C /* LaunchScreen.xib */ = {
			isa = PBXVariantGroup;
			children = (
				1FB6090A1B1261E60030F74C /* Base */,
			);
			name = LaunchScreen.xib;
			sourceTree = "<group>";
		};
/* End PBXVariantGroup section */

/* Begin XCBuildConfiguration section */
		1FB609181B1261E60030F74C /* Debug */ = {
			isa = XCBuildConfiguration;
			buildSettings = {
				ALWAYS_SEARCH_USER_PATHS = NO;
				CLANG_CXX_LANGUAGE_STANDARD = "gnu++0x";
				CLANG_CXX_LIBRARY = "libc++";
				CLANG_ENABLE_MODULES = YES;
				CLANG_ENABLE_OBJC_ARC = YES;
				CLANG_WARN_BOOL_CONVERSION = YES;
				CLANG_WARN_CONSTANT_CONVERSION = YES;
				CLANG_WARN_DIRECT_OBJC_ISA_USAGE = YES_ERROR;
				CLANG_WARN_EMPTY_BODY = YES;
				CLANG_WARN_ENUM_CONVERSION = YES;
				CLANG_WARN_INT_CONVERSION = YES;
				CLANG_WARN_OBJC_ROOT_CLASS = YES_ERROR;
				CLANG_WARN_UNREACHABLE_CODE = YES;
				CLANG_WARN__DUPLICATE_METHOD_MATCH = YES;
				"CODE_SIGN_IDENTITY[sdk=iphoneos*]" = "iPhone Developer";
				COPY_PHASE_STRIP = NO;
				ENABLE_STRICT_OBJC_MSGSEND = YES;
				GCC_C_LANGUAGE_STANDARD = gnu99;
				GCC_DYNAMIC_NO_PIC = NO;
				GCC_OPTIMIZATION_LEVEL = 0;
				GCC_PREPROCESSOR_DEFINITIONS = (
					"DEBUG=1",
					"$(inherited)",
				);
				GCC_SYMBOLS_PRIVATE_EXTERN = NO;
				GCC_WARN_64_TO_32_BIT_CONVERSION = YES;
				GCC_WARN_ABOUT_RETURN_TYPE = YES_ERROR;
				GCC_WARN_UNDECLARED_SELECTOR = YES;
				GCC_WARN_UNINITIALIZED_AUTOS = YES_AGGRESSIVE;
				GCC_WARN_UNUSED_FUNCTION = YES;
				GCC_WARN_UNUSED_VARIABLE = YES;
				IPHONEOS_DEPLOYMENT_TARGET = 8.2;
				MTL_ENABLE_DEBUG_INFO = YES;
				ONLY_ACTIVE_ARCH = YES;
				SDKROOT = iphoneos;
				SWIFT_OPTIMIZATION_LEVEL = "-Onone";
			};
			name = Debug;
		};
		1FB609191B1261E60030F74C /* Release */ = {
			isa = XCBuildConfiguration;
			buildSettings = {
				ALWAYS_SEARCH_USER_PATHS = NO;
				CLANG_CXX_LANGUAGE_STANDARD = "gnu++0x";
				CLANG_CXX_LIBRARY = "libc++";
				CLANG_ENABLE_MODULES = YES;
				CLANG_ENABLE_OBJC_ARC = YES;
				CLANG_WARN_BOOL_CONVERSION = YES;
				CLANG_WARN_CONSTANT_CONVERSION = YES;
				CLANG_WARN_DIRECT_OBJC_ISA_USAGE = YES_ERROR;
				CLANG_WARN_EMPTY_BODY = YES;
				CLANG_WARN_ENUM_CONVERSION = YES;
				CLANG_WARN_INT_CONVERSION = YES;
				CLANG_WARN_OBJC_ROOT_CLASS = YES_ERROR;
				CLANG_WARN_UNREACHABLE_CODE = YES;
				CLANG_WARN__DUPLICATE_METHOD_MATCH = YES;
				"CODE_SIGN_IDENTITY[sdk=iphoneos*]" = "iPhone Developer";
				COPY_PHASE_STRIP = NO;
				ENABLE_NS_ASSERTIONS = NO;
				ENABLE_STRICT_OBJC_MSGSEND = YES;
				GCC_C_LANGUAGE_STANDARD = gnu99;
				GCC_WARN_64_TO_32_BIT_CONVERSION = YES;
				GCC_WARN_ABOUT_RETURN_TYPE = YES_ERROR;
				GCC_WARN_UNDECLARED_SELECTOR = YES;
				GCC_WARN_UNINITIALIZED_AUTOS = YES_AGGRESSIVE;
				GCC_WARN_UNUSED_FUNCTION = YES;
				GCC_WARN_UNUSED_VARIABLE = YES;
				IPHONEOS_DEPLOYMENT_TARGET = 8.2;
				MTL_ENABLE_DEBUG_INFO = NO;
				SDKROOT = iphoneos;
				VALIDATE_PRODUCT = YES;
			};
			name = Release;
		};
		1FB6091B1B1261E60030F74C /* Debug */ = {
			isa = XCBuildConfiguration;
			buildSettings = {
				ASSETCATALOG_COMPILER_APPICON_NAME = AppIcon;
				INFOPLIST_FILE = "Pop Over Test/Info.plist";
				LD_RUNPATH_SEARCH_PATHS = "$(inherited) @executable_path/Frameworks";
				PRODUCT_NAME = "$(TARGET_NAME)";
				TARGETED_DEVICE_FAMILY = 2;
			};
			name = Debug;
		};
		1FB6091C1B1261E60030F74C /* Release */ = {
			isa = XCBuildConfiguration;
			buildSettings = {
				ASSETCATALOG_COMPILER_APPICON_NAME = AppIcon;
				INFOPLIST_FILE = "Pop Over Test/Info.plist";
				LD_RUNPATH_SEARCH_PATHS = "$(inherited) @executable_path/Frameworks";
				PRODUCT_NAME = "$(TARGET_NAME)";
				TARGETED_DEVICE_FAMILY = 2;
			};
			name = Release;
		};
		1FB6091E1B1261E60030F74C /* Debug */ = {
			isa = XCBuildConfiguration;
			buildSettings = {
				BUNDLE_LOADER = "$(TEST_HOST)";
				FRAMEWORK_SEARCH_PATHS = (
					"$(SDKROOT)/Developer/Library/Frameworks",
					"$(inherited)",
				);
				GCC_PREPROCESSOR_DEFINITIONS = (
					"DEBUG=1",
					"$(inherited)",
				);
				INFOPLIST_FILE = "Pop Over TestTests/Info.plist";
				LD_RUNPATH_SEARCH_PATHS = "$(inherited) @executable_path/Frameworks @loader_path/Frameworks";
				PRODUCT_NAME = "$(TARGET_NAME)";
				TEST_HOST = "$(BUILT_PRODUCTS_DIR)/Pop Over Test.app/Pop Over Test";
			};
			name = Debug;
		};
		1FB6091F1B1261E60030F74C /* Release */ = {
			isa = XCBuildConfiguration;
			buildSettings = {
				BUNDLE_LOADER = "$(TEST_HOST)";
				FRAMEWORK_SEARCH_PATHS = (
					"$(SDKROOT)/Developer/Library/Frameworks",
					"$(inherited)",
				);
				INFOPLIST_FILE = "Pop Over TestTests/Info.plist";
				LD_RUNPATH_SEARCH_PATHS = "$(inherited) @executable_path/Frameworks @loader_path/Frameworks";
				PRODUCT_NAME = "$(TARGET_NAME)";
				TEST_HOST = "$(BUILT_PRODUCTS_DIR)/Pop Over Test.app/Pop Over Test";
			};
			name = Release;
		};
/* End XCBuildConfiguration section */

/* Begin XCConfigurationList section */
		1FB608F61B1261E60030F74C /* Build configuration list for PBXProject "Pop Over Test" */ = {
			isa = XCConfigurationList;
			buildConfigurations = (
				1FB609181B1261E60030F74C /* Debug */,
				1FB609191B1261E60030F74C /* Release */,
			);
			defaultConfigurationIsVisible = 0;
			defaultConfigurationName = Release;
		};
		1FB6091A1B1261E60030F74C /* Build configuration list for PBXNativeTarget "Pop Over Test" */ = {
			isa = XCConfigurationList;
			buildConfigurations = (
				1FB6091B1B1261E60030F74C /* Debug */,
				1FB6091C1B1261E60030F74C /* Release */,
			);
			defaultConfigurationIsVisible = 0;
			defaultConfigurationName = Release;
		};
		1FB6091D1B1261E60030F74C /* Build configuration list for PBXNativeTarget "Pop Over TestTests" */ = {
			isa = XCConfigurationList;
			buildConfigurations = (
				1FB6091E1B1261E60030F74C /* Debug */,
				1FB6091F1B1261E60030F74C /* Release */,
			);
			defaultConfigurationIsVisible = 0;
			defaultConfigurationName = Release;
		};
/* End XCConfigurationList section */
	};
	rootObject = 1FB608F31B1261E60030F74C /* Project object */;
}
